
Microsoft Visual Studio Solution File, Format Version 12.00
# Visual Studio 15
VisualStudioVersion = 15.0.28010.2026
MinimumVisualStudioVersion = 10.0.40219.1
Project("{FAE04EC0-301F-11D3-BF4B-00C04F79EFBC}") = "librarieonline", "librarieonline\librarieonline.csproj", "{2C4EDC0F-F844-4DD0-B096-A45D25E6A0F2}"
EndProject
Global
	GlobalSection(SolutionConfigurationPlatforms) = preSolution
		Debug|Any CPU = Debug|Any CPU
		Release|Any CPU = Release|Any CPU
	EndGlobalSection
	GlobalSection(ProjectConfigurationPlatforms) = postSolution
		{2C4EDC0F-F844-4DD0-B096-A45D25E6A0F2}.Debug|Any CPU.ActiveCfg = Debug|Any CPU
		{2C4EDC0F-F844-4DD0-B096-A45D25E6A0F2}.Debug|Any CPU.Build.0 = Debug|Any CPU
		{2C4EDC0F-F844-4DD0-B096-A45D25E6A0F2}.Release|Any CPU.ActiveCfg = Release|Any CPU
		{2C4EDC0F-F844-4DD0-B096-A45D25E6A0F2}.Release|Any CPU.Build.0 = Release|Any CPU
	EndGlobalSection
	GlobalSection(SolutionProperties) = preSolution
		HideSolutionNode = FALSE
	EndGlobalSection
	GlobalSection(ExtensibilityGlobals) = postSolution
		SolutionGuid = {8D9E1F3E-0EFD-4034-8894-5D60769F6646}
	EndGlobalSection
EndGlobal
